
Microsoft Visual Studio Solution File, Format Version 12.00
# Visual Studio Version 16
VisualStudioVersion = 16.0.31605.320
MinimumVisualStudioVersion = 10.0.40219.1
Project("{9A19103F-16F7-4668-BE54-9A1E7A4F7556}") = "NSwagPlainTextBug", "NSwagPlainTextBug\NSwagPlainTextBug.csproj", "{1E31ABB2-876B-4B04-89FD-A13EBC1EB1BB}"
EndProject
Project("{9A19103F-16F7-4668-BE54-9A1E7A4F7556}") = "NSwagPlainTextBug.Client", "NSwagPlainTextBug.Client\NSwagPlainTextBug.Client.csproj", "{723D64CE-CC52-412C-B578-DEE3A9851FED}"
EndProject
Project("{FAE04EC0-301F-11D3-BF4B-00C04F79EFBC}") = "NSwagPlainTextBug.Tests", "NSwagPlainTextBug.Tests\NSwagPlainTextBug.Tests.csproj", "{AE056F3A-BA1D-492F-BD67-98B136ACDE4B}"
EndProject
Global
	GlobalSection(SolutionConfigurationPlatforms) = preSolution
		Debug|Any CPU = Debug|Any CPU
		Release|Any CPU = Release|Any CPU
	EndGlobalSection
	GlobalSection(ProjectConfigurationPlatforms) = postSolution
		{1E31ABB2-876B-4B04-89FD-A13EBC1EB1BB}.Debug|Any CPU.ActiveCfg = Debug|Any CPU
		{1E31ABB2-876B-4B04-89FD-A13EBC1EB1BB}.Debug|Any CPU.Build.0 = Debug|Any CPU
		{1E31ABB2-876B-4B04-89FD-A13EBC1EB1BB}.Release|Any CPU.ActiveCfg = Release|Any CPU
		{1E31ABB2-876B-4B04-89FD-A13EBC1EB1BB}.Release|Any CPU.Build.0 = Release|Any CPU
		{723D64CE-CC52-412C-B578-DEE3A9851FED}.Debug|Any CPU.ActiveCfg = Debug|Any CPU
		{723D64CE-CC52-412C-B578-DEE3A9851FED}.Debug|Any CPU.Build.0 = Debug|Any CPU
		{723D64CE-CC52-412C-B578-DEE3A9851FED}.Release|Any CPU.ActiveCfg = Release|Any CPU
		{723D64CE-CC52-412C-B578-DEE3A9851FED}.Release|Any CPU.Build.0 = Release|Any CPU
		{AE056F3A-BA1D-492F-BD67-98B136ACDE4B}.Debug|Any CPU.ActiveCfg = Debug|Any CPU
		{AE056F3A-BA1D-492F-BD67-98B136ACDE4B}.Debug|Any CPU.Build.0 = Debug|Any CPU
		{AE056F3A-BA1D-492F-BD67-98B136ACDE4B}.Release|Any CPU.ActiveCfg = Release|Any CPU
		{AE056F3A-BA1D-492F-BD67-98B136ACDE4B}.Release|Any CPU.Build.0 = Release|Any CPU
	EndGlobalSection
	GlobalSection(SolutionProperties) = preSolution
		HideSolutionNode = FALSE
	EndGlobalSection
	GlobalSection(ExtensibilityGlobals) = postSolution
		SolutionGuid = {170A4B45-83B9-4521-ADE3-2F38B620C22D}
	EndGlobalSection
EndGlobal
